{
  "version": 1,
  "dependencies": {
    "net8.0": {
      "SonarAnalyzer.CSharp": {
        "type": "Direct",
        "requested": "[9.24.0.89429, )",
        "resolved": "9.24.0.89429",
        "contentHash": "Ozk4LVpLNHhd+mmYKiG/WYtUUBZFknpkRy5JwTq4YfmT2wPA16vev5s/42urrN27ZV+01Kb5aYKJt3EI+5jPdw=="
      }
    }
  }
}