{
  "version": 1,
  "dependencies": {
    "net6.0": {
      "SonarAnalyzer.CSharp": {
        "type": "Direct",
        "requested": "[9.12.0.78982, )",
        "resolved": "9.12.0.78982",
        "contentHash": "QxhfMFCNeZWP3gP/R8QM3MuDWm+Esj8Lt3oD61tid5TPuqsaKJtwMZNZWE2FOqqGuKlu3805o8MlkTWBL75skA=="
      }
    }
  }
}