{
  "version": 1,
  "dependencies": {
    "net6.0": {
      "SonarAnalyzer.CSharp": {
        "type": "Direct",
        "requested": "[8.14.0.22654, )",
        "resolved": "8.14.0.22654",
        "contentHash": "OxJIffzU1JtRTE+wL+zBpzZueA9N7iKjBgkFlxjm1QDymmDlAnLyjXAVyWph5Hbpz1gVvAG1rWYxpQA4w2FwVQ=="
      }
    }
  }
}